
Microsoft Visual Studio Solution File, Format Version 12.00
Project("{FAE04EC0-301F-11D3-BF4B-00C04F79EFBC}") = "BrowsersParallelAll", "BrowsersParallelAll\BrowsersParallelAll.csproj", "{1B578C23-54CF-4719-B570-4A9570BDCACC}"
EndProject
Project("{FAE04EC0-301F-11D3-BF4B-00C04F79EFBC}") = "BrowsersParallelTestFixture", "BrowsersParallelTestFixture\BrowsersParallelTestFixture.csproj", "{C2EEA160-87A1-42E5-A2C1-C65D9D80C80E}"
EndProject
Project("{FAE04EC0-301F-11D3-BF4B-00C04F79EFBC}") = "BrowsersPull", "BrowsersPull\BrowsersPull.csproj", "{5C7510B1-C6E1-4A60-B912-6B3085D47795}"
EndProject
Global
	GlobalSection(SolutionConfigurationPlatforms) = preSolution
		Debug|Any CPU = Debug|Any CPU
		Release|Any CPU = Release|Any CPU
	EndGlobalSection
	GlobalSection(ProjectConfigurationPlatforms) = postSolution
		{1B578C23-54CF-4719-B570-4A9570BDCACC}.Debug|Any CPU.ActiveCfg = Debug|Any CPU
		{1B578C23-54CF-4719-B570-4A9570BDCACC}.Debug|Any CPU.Build.0 = Debug|Any CPU
		{1B578C23-54CF-4719-B570-4A9570BDCACC}.Release|Any CPU.ActiveCfg = Release|Any CPU
		{1B578C23-54CF-4719-B570-4A9570BDCACC}.Release|Any CPU.Build.0 = Release|Any CPU
		{C2EEA160-87A1-42E5-A2C1-C65D9D80C80E}.Debug|Any CPU.ActiveCfg = Debug|Any CPU
		{C2EEA160-87A1-42E5-A2C1-C65D9D80C80E}.Debug|Any CPU.Build.0 = Debug|Any CPU
		{C2EEA160-87A1-42E5-A2C1-C65D9D80C80E}.Release|Any CPU.ActiveCfg = Release|Any CPU
		{C2EEA160-87A1-42E5-A2C1-C65D9D80C80E}.Release|Any CPU.Build.0 = Release|Any CPU
		{5C7510B1-C6E1-4A60-B912-6B3085D47795}.Debug|Any CPU.ActiveCfg = Debug|Any CPU
		{5C7510B1-C6E1-4A60-B912-6B3085D47795}.Debug|Any CPU.Build.0 = Debug|Any CPU
		{5C7510B1-C6E1-4A60-B912-6B3085D47795}.Release|Any CPU.ActiveCfg = Release|Any CPU
		{5C7510B1-C6E1-4A60-B912-6B3085D47795}.Release|Any CPU.Build.0 = Release|Any CPU
	EndGlobalSection
EndGlobal
